
Microsoft Visual Studio Solution File, Format Version 12.00
# Visual Studio Version 16
VisualStudioVersion = 16.0.29806.167
MinimumVisualStudioVersion = 10.0.40219.1
Project("{FAE04EC0-301F-11D3-BF4B-00C04F79EFBC}") = "GymMembers", "GymMembers.csproj", "{17F1FB59-C580-41B4-8745-55C2FE57E3B1}"
EndProject
Global
	GlobalSection(SolutionConfigurationPlatforms) = preSolution
		Debug|Any CPU = Debug|Any CPU
		Release|Any CPU = Release|Any CPU
	EndGlobalSection
	GlobalSection(ProjectConfigurationPlatforms) = postSolution
		{17F1FB59-C580-41B4-8745-55C2FE57E3B1}.Debug|Any CPU.ActiveCfg = Debug|Any CPU
		{17F1FB59-C580-41B4-8745-55C2FE57E3B1}.Debug|Any CPU.Build.0 = Debug|Any CPU
		{17F1FB59-C580-41B4-8745-55C2FE57E3B1}.Release|Any CPU.ActiveCfg = Release|Any CPU
		{17F1FB59-C580-41B4-8745-55C2FE57E3B1}.Release|Any CPU.Build.0 = Release|Any CPU
	EndGlobalSection
	GlobalSection(SolutionProperties) = preSolution
		HideSolutionNode = FALSE
	EndGlobalSection
	GlobalSection(ExtensibilityGlobals) = postSolution
		SolutionGuid = {179864A2-7D2F-45E5-954B-9B4DE19CF932}
	EndGlobalSection
EndGlobal
